// !$*UTF8*$!
{
	archiveVersion = 1;
	classes = {
	};
	objectVersion = 50;
	objects = {

/* Begin PBXBuildFile section */
		08260CCD20E9F07100359834 /* AppDelegate.m in Sources */ = {isa = PBXBuildFile; fileRef = 08260CCC20E9F07100359834 /* AppDelegate.m */; };
		08260CD020E9F07100359834 /* MainViewController.m in Sources */ = {isa = PBXBuildFile; fileRef = 08260CCF20E9F07100359834 /* MainViewController.m */; };
		08260CD320E9F07100359834 /* Main.storyboard in Resources */ = {isa = PBXBuildFile; fileRef = 08260CD120E9F07100359834 /* Main.storyboard */; };
		08260CD520E9F07400359834 /* Assets.xcassets in Resources */ = {isa = PBXBuildFile; fileRef = 08260CD420E9F07400359834 /* Assets.xcassets */; };
		08260CD820E9F07400359834 /* LaunchScreen.storyboard in Resources */ = {isa = PBXBuildFile; fileRef = 08260CD620E9F07400359834 /* LaunchScreen.storyboard */; };
		08260CDB20E9F07400359834 /* main.m in Sources */ = {isa = PBXBuildFile; fileRef = 08260CDA20E9F07400359834 /* main.m */; };
		08260CE320EA192500359834 /* MGPMultipeerConnectivityManager.m in Sources */ = {isa = PBXBuildFile; fileRef = 08260CE220EA192500359834 /* MGPMultipeerConnectivityManager.m */; };
/* End PBXBuildFile section */

/* Begin PBXFileReference section */
		08260CC820E9F07100359834 /* MagicPad.app */ = {isa = PBXFileReference; explicitFileType = wrapper.application; includeInIndex = 0; path = MagicPad.app; sourceTree = BUILT_PRODUCTS_DIR; };
		08260CCB20E9F07100359834 /* AppDelegate.h */ = {isa = PBXFileReference; lastKnownFileType = sourcecode.c.h; path = AppDelegate.h; sourceTree = "<group>"; };
		08260CCC20E9F07100359834 /* AppDelegate.m */ = {isa = PBXFileReference; lastKnownFileType = sourcecode.c.objc; path = AppDelegate.m; sourceTree = "<group>"; };
		08260CCE20E9F07100359834 /* MainViewController.h */ = {isa = PBXFileReference; lastKnownFileType = sourcecode.c.h; path = MainViewController.h; sourceTree = "<group>"; };
		08260CCF20E9F07100359834 /* MainViewController.m */ = {isa = PBXFileReference; lastKnownFileType = sourcecode.c.objc; path = MainViewController.m; sourceTree = "<group>"; };
		08260CD220E9F07100359834 /* Base */ = {isa = PBXFileReference; lastKnownFileType = file.storyboard; name = Base; path = Base.lproj/Main.storyboard; sourceTree = "<group>"; };
		08260CD420E9F07400359834 /* Assets.xcassets */ = {isa = PBXFileReference; lastKnownFileType = folder.assetcatalog; path = Assets.xcassets; sourceTree = "<group>"; };
		08260CD720E9F07400359834 /* Base */ = {isa = PBXFileReference; lastKnownFileType = file.storyboard; name = Base; path = Base.lproj/LaunchScreen.storyboard; sourceTree = "<group>"; };
		08260CD920E9F07400359834 /* Info.plist */ = {isa = PBXFileReference; lastKnownFileType = text.plist.xml; path = Info.plist; sourceTree = "<group>"; };
		08260CDA20E9F07400359834 /* main.m */ = {isa = PBXFileReference; lastKnownFileType = sourcecode.c.objc; path = main.m; sourceTree = "<group>"; };
		08260CE120EA192500359834 /* MGPMultipeerConnectivityManager.h */ = {isa = PBXFileReference; lastKnownFileType = sourcecode.c.h; path = MGPMultipeerConnectivityManager.h; sourceTree = "<group>"; };
		08260CE220EA192500359834 /* MGPMultipeerConnectivityManager.m */ = {isa = PBXFileReference; lastKnownFileType = sourcecode.c.objc; path = MGPMultipeerConnectivityManager.m; sourceTree = "<group>"; };
/* End PBXFileReference section */

/* Begin PBXFrameworksBuildPhase section */
		08260CC520E9F07100359834 /* Frameworks */ = {
			isa = PBXFrameworksBuildPhase;
			buildActionMask = 2147483647;
			files = (
			);
			runOnlyForDeploymentPostprocessing = 0;
		};
/* End PBXFrameworksBuildPhase section */

/* Begin PBXGroup section */
		08260CBF20E9F07100359834 = {
			isa = PBXGroup;
			children = (
				08260CCA20E9F07100359834 /* MagicPad */,
				08260CC920E9F07100359834 /* Products */,
			);
			sourceTree = "<group>";
		};
		08260CC920E9F07100359834 /* Products */ = {
			isa = PBXGroup;
			children = (
				08260CC820E9F07100359834 /* MagicPad.app */,
			);
			name = Products;
			sourceTree = "<group>";
		};
		08260CCA20E9F07100359834 /* MagicPad */ = {
			isa = PBXGroup;
			children = (
				08260CCB20E9F07100359834 /* AppDelegate.h */,
				08260CCC20E9F07100359834 /* AppDelegate.m */,
				08260CCE20E9F07100359834 /* MainViewController.h */,
				08260CCF20E9F07100359834 /* MainViewController.m */,
				08260CE120EA192500359834 /* MGPMultipeerConnectivityManager.h */,
				08260CE220EA192500359834 /* MGPMultipeerConnectivityManager.m */,
				08260CD120E9F07100359834 /* Main.storyboard */,
				08260CD420E9F07400359834 /* Assets.xcassets */,
				08260CD620E9F07400359834 /* LaunchScreen.storyboard */,
				08260CD920E9F07400359834 /* Info.plist */,
				08260CDA20E9F07400359834 /* main.m */,
			);
			path = MagicPad;
			sourceTree = "<group>";
		};
/* End PBXGroup section */

/* Begin PBXNativeTarget section */
		08260CC720E9F07100359834 /* MagicPad */ = {
			isa = PBXNativeTarget;
			buildConfigurationList = 08260CDE20E9F07400359834 /* Build configuration list for PBXNativeTarget "MagicPad" */;
			buildPhases = (
				08260CC420E9F07100359834 /* Sources */,
				08260CC520E9F07100359834 /* Frameworks */,
				08260CC620E9F07100359834 /* Resources */,
			);
			buildRules = (
			);
			dependencies = (
			);
			name = MagicPad;
			productName = MagicPad;
			productReference = 08260CC820E9F07100359834 /* MagicPad.app */;
			productType = "com.apple.product-type.application";
		};
/* End PBXNativeTarget section */

/* Begin PBXProject section */
		08260CC020E9F07100359834 /* Project object */ = {
			isa = PBXProject;
			attributes = {
				LastUpgradeCheck = 0940;
				ORGANIZATIONNAME = notme;
				TargetAttributes = {
					08260CC720E9F07100359834 = {
						CreatedOnToolsVersion = 9.4.1;
					};
				};
			};
			buildConfigurationList = 08260CC320E9F07100359834 /* Build configuration list for PBXProject "MagicPad" */;
			compatibilityVersion = "Xcode 9.3";
			developmentRegion = en;
			hasScannedForEncodings = 0;
			knownRegions = (
				en,
				Base,
			);
			mainGroup = 08260CBF20E9F07100359834;
			productRefGroup = 08260CC920E9F07100359834 /* Products */;
			projectDirPath = "";
			projectRoot = "";
			targets = (
				08260CC720E9F07100359834 /* MagicPad */,
			);
		};
/* End PBXProject section */

/* Begin PBXResourcesBuildPhase section */
		08260CC620E9F07100359834 /* Resources */ = {
			isa = PBXResourcesBuildPhase;
			buildActionMask = 2147483647;
			files = (
				08260CD820E9F07400359834 /* LaunchScreen.storyboard in Resources */,
				08260CD520E9F07400359834 /* Assets.xcassets in Resources */,
				08260CD320E9F07100359834 /* Main.storyboard in Resources */,
			);
			runOnlyForDeploymentPostprocessing = 0;
		};
/* End PBXResourcesBuildPhase section */

/* Begin PBXSourcesBuildPhase section */
		08260CC420E9F07100359834 /* Sources */ = {
			isa = PBXSourcesBuildPhase;
			buildActionMask = 2147483647;
			files = (
				08260CD020E9F07100359834 /* MainViewController.m in Sources */,
				08260CDB20E9F07400359834 /* main.m in Sources */,
				08260CCD20E9F07100359834 /* AppDelegate.m in Sources */,
				08260CE320EA192500359834 /* MGPMultipeerConnectivityManager.m in Sources */,
			);
			runOnlyForDeploymentPostprocessing = 0;
		};
/* End PBXSourcesBuildPhase section */

/* Begin PBXVariantGroup section */
		08260CD120E9F07100359834 /* Main.storyboard */ = {
			isa = PBXVariantGroup;
			children = (
				08260CD220E9F07100359834 /* Base */,
			);
			name = Main.storyboard;
			sourceTree = "<group>";
		};
		08260CD620E9F07400359834 /* LaunchScreen.storyboard */ = {
			isa = PBXVariantGroup;
			children = (
				08260CD720E9F07400359834 /* Base */,
			);
			name = LaunchScreen.storyboard;
			sourceTree = "<group>";
		};
/* End PBXVariantGroup section */

/* Begin XCBuildConfiguration section */
		08260CDC20E9F07400359834 /* Debug */ = {
			isa = XCBuildConfiguration;
			buildSettings = {
				ALWAYS_SEARCH_USER_PATHS = NO;
				CLANG_ANALYZER_NONNULL = YES;
				CLANG_ANALYZER_NUMBER_OBJECT_CONVERSION = YES_AGGRESSIVE;
				CLANG_CXX_LANGUAGE_STANDARD = "gnu++14";
				CLANG_CXX_LIBRARY = "libc++";
				CLANG_ENABLE_MODULES = YES;
				CLANG_ENABLE_OBJC_ARC = YES;
				CLANG_ENABLE_OBJC_WEAK = YES;
				CLANG_WARN_BLOCK_CAPTURE_AUTORELEASING = YES;
				CLANG_WARN_BOOL_CONVERSION = YES;
				CLANG_WARN_COMMA = YES;
				CLANG_WARN_CONSTANT_CONVERSION = YES;
				CLANG_WARN_DEPRECATED_OBJC_IMPLEMENTATIONS = YES;
				CLANG_WARN_DIRECT_OBJC_ISA_USAGE = YES_ERROR;
				CLANG_WARN_DOCUMENTATION_COMMENTS = YES;
				CLANG_WARN_EMPTY_BODY = YES;
				CLANG_WARN_ENUM_CONVERSION = YES;
				CLANG_WARN_INFINITE_RECURSION = YES;
				CLANG_WARN_INT_CONVERSION = YES;
				CLANG_WARN_NON_LITERAL_NULL_CONVERSION = YES;
				CLANG_WARN_OBJC_IMPLICIT_RETAIN_SELF = YES;
				CLANG_WARN_OBJC_LITERAL_CONVERSION = YES;
				CLANG_WARN_OBJC_ROOT_CLASS = YES_ERROR;
				CLANG_WARN_RANGE_LOOP_ANALYSIS = YES;
				CLANG_WARN_STRICT_PROTOTYPES = YES;
				CLANG_WARN_SUSPICIOUS_MOVE = YES;
				CLANG_WARN_UNGUARDED_AVAILABILITY = YES_AGGRESSIVE;
				CLANG_WARN_UNREACHABLE_CODE = YES;
				CLANG_WARN__DUPLICATE_METHOD_MATCH = YES;
				CODE_SIGN_IDENTITY = "iPhone Developer";
				COPY_PHASE_STRIP = NO;
				DEBUG_INFORMATION_FORMAT = dwarf;
				ENABLE_STRICT_OBJC_MSGSEND = YES;
				ENABLE_TESTABILITY = YES;
				GCC_C_LANGUAGE_STANDARD = gnu11;
				GCC_DYNAMIC_NO_PIC = NO;
				GCC_NO_COMMON_BLOCKS = YES;
				GCC_OPTIMIZATION_LEVEL = 0;
				GCC_PREPROCESSOR_DEFINITIONS = (
					"DEBUG=1",
					"$(inherited)",
				);
				GCC_WARN_64_TO_32_BIT_CONVERSION = YES;
				GCC_WARN_ABOUT_RETURN_TYPE = YES_ERROR;
				GCC_WARN_UNDECLARED_SELECTOR = YES;
				GCC_WARN_UNINITIALIZED_AUTOS = YES_AGGRESSIVE;
				GCC_WARN_UNUSED_FUNCTION = YES;
				GCC_WARN_UNUSED_VARIABLE = YES;
				IPHONEOS_DEPLOYMENT_TARGET = 11.4;
				MTL_ENABLE_DEBUG_INFO = YES;
				ONLY_ACTIVE_ARCH = YES;
				SDKROOT = iphoneos;
			};
			name = Debug;
		};
		08260CDD20E9F07400359834 /* Release */ = {
			isa = XCBuildConfiguration;
			buildSettings = {
				ALWAYS_SEARCH_USER_PATHS = NO;
				CLANG_ANALYZER_NONNULL = YES;
				CLANG_ANALYZER_NUMBER_OBJECT_CONVERSION = YES_AGGRESSIVE;
				CLANG_CXX_LANGUAGE_STANDARD = "gnu++14";
				CLANG_CXX_LIBRARY = "libc++";
				CLANG_ENABLE_MODULES = YES;
				CLANG_ENABLE_OBJC_ARC = YES;
				CLANG_ENABLE_OBJC_WEAK = YES;
				CLANG_WARN_BLOCK_CAPTURE_AUTORELEASING = YES;
				CLANG_WARN_BOOL_CONVERSION = YES;
				CLANG_WARN_COMMA = YES;
				CLANG_WARN_CONSTANT_CONVERSION = YES;
				CLANG_WARN_DEPRECATED_OBJC_IMPLEMENTATIONS = YES;
				CLANG_WARN_DIRECT_OBJC_ISA_USAGE = YES_ERROR;
				CLANG_WARN_DOCUMENTATION_COMMENTS = YES;
				CLANG_WARN_EMPTY_BODY = YES;
				CLANG_WARN_ENUM_CONVERSION = YES;
				CLANG_WARN_INFINITE_RECURSION = YES;
				CLANG_WARN_INT_CONVERSION = YES;
				CLANG_WARN_NON_LITERAL_NULL_CONVERSION = YES;
				CLANG_WARN_OBJC_IMPLICIT_RETAIN_SELF = YES;
				CLANG_WARN_OBJC_LITERAL_CONVERSION = YES;
				CLANG_WARN_OBJC_ROOT_CLASS = YES_ERROR;
				CLANG_WARN_RANGE_LOOP_ANALYSIS = YES;
				CLANG_WARN_STRICT_PROTOTYPES = YES;
				CLANG_WARN_SUSPICIOUS_MOVE = YES;
				CLANG_WARN_UNGUARDED_AVAILABILITY = YES_AGGRESSIVE;
				CLANG_WARN_UNREACHABLE_CODE = YES;
				CLANG_WARN__DUPLICATE_METHOD_MATCH = YES;
				CODE_SIGN_IDENTITY = "iPhone Developer";
				COPY_PHASE_STRIP = NO;
				DEBUG_INFORMATION_FORMAT = "dwarf-with-dsym";
				ENABLE_NS_ASSERTIONS = NO;
				ENABLE_STRICT_OBJC_MSGSEND = YES;
				GCC_C_LANGUAGE_STANDARD = gnu11;
				GCC_NO_COMMON_BLOCKS = YES;
				GCC_WARN_64_TO_32_BIT_CONVERSION = YES;
				GCC_WARN_ABOUT_RETURN_TYPE = YES_ERROR;
				GCC_WARN_UNDECLARED_SELECTOR = YES;
				GCC_WARN_UNINITIALIZED_AUTOS = YES_AGGRESSIVE;
				GCC_WARN_UNUSED_FUNCTION = YES;
				GCC_WARN_UNUSED_VARIABLE = YES;
				IPHONEOS_DEPLOYMENT_TARGET = 11.4;
				MTL_ENABLE_DEBUG_INFO = NO;
				SDKROOT = iphoneos;
				VALIDATE_PRODUCT = YES;
			};
			name = Release;
		};
		08260CDF20E9F07400359834 /* Debug */ = {
			isa = XCBuildConfiguration;
			buildSettings = {
				ASSETCATALOG_COMPILER_APPICON_NAME = AppIcon;
				CODE_SIGN_STYLE = Automatic;
				DEVELOPMENT_TEAM = LDVXT95SNR;
				INFOPLIST_FILE = MagicPad/Info.plist;
				IPHONEOS_DEPLOYMENT_TARGET = 10.0;
				LD_RUNPATH_SEARCH_PATHS = (
					"$(inherited)",
					"@executable_path/Frameworks",
				);
				PRODUCT_BUNDLE_IDENTIFIER = emmm.com.MagicPad;
				PRODUCT_NAME = "$(TARGET_NAME)";
				TARGETED_DEVICE_FAMILY = "1,2";
			};
			name = Debug;
		};
		08260CE020E9F07400359834 /* Release */ = {
			isa = XCBuildConfiguration;
			buildSettings = {
				ASSETCATALOG_COMPILER_APPICON_NAME = AppIcon;
				CODE_SIGN_STYLE = Automatic;
				DEVELOPMENT_TEAM = LDVXT95SNR;
				INFOPLIST_FILE = MagicPad/Info.plist;
				IPHONEOS_DEPLOYMENT_TARGET = 10.0;
				LD_RUNPATH_SEARCH_PATHS = (
					"$(inherited)",
					"@executable_path/Frameworks",
				);
				PRODUCT_BUNDLE_IDENTIFIER = emmm.com.MagicPad;
				PRODUCT_NAME = "$(TARGET_NAME)";
				TARGETED_DEVICE_FAMILY = "1,2";
			};
			name = Release;
		};
/* End XCBuildConfiguration section */

/* Begin XCConfigurationList section */
		08260CC320E9F07100359834 /* Build configuration list for PBXProject "MagicPad" */ = {
			isa = XCConfigurationList;
			buildConfigurations = (
				08260CDC20E9F07400359834 /* Debug */,
				08260CDD20E9F07400359834 /* Release */,
			);
			defaultConfigurationIsVisible = 0;
			defaultConfigurationName = Release;
		};
		08260CDE20E9F07400359834 /* Build configuration list for PBXNativeTarget "MagicPad" */ = {
			isa = XCConfigurationList;
			buildConfigurations = (
				08260CDF20E9F07400359834 /* Debug */,
				08260CE020E9F07400359834 /* Release */,
			);
			defaultConfigurationIsVisible = 0;
			defaultConfigurationName = Release;
		};
/* End XCConfigurationList section */
	};
	rootObject = 08260CC020E9F07100359834 /* Project object */;
}
